// !$*UTF8*$!
{
	archiveVersion = 1;
	classes = {
	};
	objectVersion = 46;
	objects = {

/* Begin PBXBuildFile section */
		809A30DF1A253E050097A932 /* FrontView.swift in Sources */ = {isa = PBXBuildFile; fileRef = 809A30DE1A253E050097A932 /* FrontView.swift */; };
		809A30E11A253E140097A932 /* FrontView.xib in Resources */ = {isa = PBXBuildFile; fileRef = 809A30E01A253E140097A932 /* FrontView.xib */; };
		80EC0C701A24F72E00937FE4 /* AppDelegate.swift in Sources */ = {isa = PBXBuildFile; fileRef = 80EC0C6F1A24F72E00937FE4 /* AppDelegate.swift */; };
		80EC0C721A24F72E00937FE4 /* ViewController.swift in Sources */ = {isa = PBXBuildFile; fileRef = 80EC0C711A24F72E00937FE4 /* ViewController.swift */; };
		80EC0C751A24F72E00937FE4 /* Main.storyboard in Resources */ = {isa = PBXBuildFile; fileRef = 80EC0C731A24F72E00937FE4 /* Main.storyboard */; };
		80EC0C771A24F72E00937FE4 /* Images.xcassets in Resources */ = {isa = PBXBuildFile; fileRef = 80EC0C761A24F72E00937FE4 /* Images.xcassets */; };
		80EC0C7A1A24F72E00937FE4 /* LaunchScreen.xib in Resources */ = {isa = PBXBuildFile; fileRef = 80EC0C781A24F72E00937FE4 /* LaunchScreen.xib */; };
		80EC0C861A24F72E00937FE4 /* SuitUpTests.swift in Sources */ = {isa = PBXBuildFile; fileRef = 80EC0C851A24F72E00937FE4 /* SuitUpTests.swift */; };
		80EC0C981A24F8B900937FE4 /* Bitter-Bold.ttf in Resources */ = {isa = PBXBuildFile; fileRef = 80EC0C941A24F8B900937FE4 /* Bitter-Bold.ttf */; };
		80EC0C991A24F8B900937FE4 /* Bitter-Italic.ttf in Resources */ = {isa = PBXBuildFile; fileRef = 80EC0C951A24F8B900937FE4 /* Bitter-Italic.ttf */; };
		80EC0C9A1A24F8B900937FE4 /* Bitter-Regular.ttf in Resources */ = {isa = PBXBuildFile; fileRef = 80EC0C961A24F8B900937FE4 /* Bitter-Regular.ttf */; };
		80EC0C9B1A24F8B900937FE4 /* OFL.txt in Resources */ = {isa = PBXBuildFile; fileRef = 80EC0C971A24F8B900937FE4 /* OFL.txt */; };
		80EC0C9D1A24F9E300937FE4 /* SuitView.swift in Sources */ = {isa = PBXBuildFile; fileRef = 80EC0C9C1A24F9E300937FE4 /* SuitView.swift */; };
		80EC0C9F1A24FA9800937FE4 /* CardView.swift in Sources */ = {isa = PBXBuildFile; fileRef = 80EC0C9E1A24FA9800937FE4 /* CardView.swift */; };
		80EC0CA11A24FAB300937FE4 /* BackView.xib in Resources */ = {isa = PBXBuildFile; fileRef = 80EC0CA01A24FAB300937FE4 /* BackView.xib */; };
/* End PBXBuildFile section */

/* Begin PBXContainerItemProxy section */
		80EC0C801A24F72E00937FE4 /* PBXContainerItemProxy */ = {
			isa = PBXContainerItemProxy;
			containerPortal = 80EC0C621A24F72E00937FE4 /* Project object */;
			proxyType = 1;
			remoteGlobalIDString = 80EC0C691A24F72E00937FE4;
			remoteInfo = SuitUp;
		};
/* End PBXContainerItemProxy section */

/* Begin PBXFileReference section */
		809A30DE1A253E050097A932 /* FrontView.swift */ = {isa = PBXFileReference; fileEncoding = 4; lastKnownFileType = sourcecode.swift; name = FrontView.swift; path = LegendaryDeck/FrontView.swift; sourceTree = "<group>"; };
		809A30E01A253E140097A932 /* FrontView.xib */ = {isa = PBXFileReference; fileEncoding = 4; lastKnownFileType = file.xib; name = FrontView.xib; path = LegendaryDeck/FrontView.xib; sourceTree = "<group>"; };
		80EC0C6A1A24F72E00937FE4 /* SuitUp.app */ = {isa = PBXFileReference; explicitFileType = wrapper.application; includeInIndex = 0; path = SuitUp.app; sourceTree = BUILT_PRODUCTS_DIR; };
		80EC0C6E1A24F72E00937FE4 /* Info.plist */ = {isa = PBXFileReference; lastKnownFileType = text.plist.xml; path = Info.plist; sourceTree = "<group>"; };
		80EC0C6F1A24F72E00937FE4 /* AppDelegate.swift */ = {isa = PBXFileReference; lastKnownFileType = sourcecode.swift; path = AppDelegate.swift; sourceTree = "<group>"; };
		80EC0C711A24F72E00937FE4 /* ViewController.swift */ = {isa = PBXFileReference; lastKnownFileType = sourcecode.swift; path = ViewController.swift; sourceTree = "<group>"; };
		80EC0C741A24F72E00937FE4 /* Base */ = {isa = PBXFileReference; lastKnownFileType = file.storyboard; name = Base; path = Base.lproj/Main.storyboard; sourceTree = "<group>"; };
		80EC0C761A24F72E00937FE4 /* Images.xcassets */ = {isa = PBXFileReference; lastKnownFileType = folder.assetcatalog; path = Images.xcassets; sourceTree = "<group>"; };
		80EC0C791A24F72E00937FE4 /* Base */ = {isa = PBXFileReference; lastKnownFileType = file.xib; name = Base; path = Base.lproj/LaunchScreen.xib; sourceTree = "<group>"; };
		80EC0C7F1A24F72E00937FE4 /* SuitUpTests.xctest */ = {isa = PBXFileReference; explicitFileType = wrapper.cfbundle; includeInIndex = 0; path = SuitUpTests.xctest; sourceTree = BUILT_PRODUCTS_DIR; };
		80EC0C841A24F72E00937FE4 /* Info.plist */ = {isa = PBXFileReference; lastKnownFileType = text.plist.xml; path = Info.plist; sourceTree = "<group>"; };
		80EC0C851A24F72E00937FE4 /* SuitUpTests.swift */ = {isa = PBXFileReference; lastKnownFileType = sourcecode.swift; path = SuitUpTests.swift; sourceTree = "<group>"; };
		80EC0C941A24F8B900937FE4 /* Bitter-Bold.ttf */ = {isa = PBXFileReference; lastKnownFileType = file; name = "Bitter-Bold.ttf"; path = "Fonts/Bitter-Bold.ttf"; sourceTree = "<group>"; };
		80EC0C951A24F8B900937FE4 /* Bitter-Italic.ttf */ = {isa = PBXFileReference; lastKnownFileType = file; name = "Bitter-Italic.ttf"; path = "Fonts/Bitter-Italic.ttf"; sourceTree = "<group>"; };
		80EC0C961A24F8B900937FE4 /* Bitter-Regular.ttf */ = {isa = PBXFileReference; lastKnownFileType = file; name = "Bitter-Regular.ttf"; path = "Fonts/Bitter-Regular.ttf"; sourceTree = "<group>"; };
		80EC0C971A24F8B900937FE4 /* OFL.txt */ = {isa = PBXFileReference; fileEncoding = 4; lastKnownFileType = text; name = OFL.txt; path = Fonts/OFL.txt; sourceTree = "<group>"; };
		80EC0C9C1A24F9E300937FE4 /* SuitView.swift */ = {isa = PBXFileReference; fileEncoding = 4; lastKnownFileType = sourcecode.swift; name = SuitView.swift; path = LegendaryDeck/SuitView.swift; sourceTree = "<group>"; };
		80EC0C9E1A24FA9800937FE4 /* CardView.swift */ = {isa = PBXFileReference; fileEncoding = 4; lastKnownFileType = sourcecode.swift; name = CardView.swift; path = LegendaryDeck/CardView.swift; sourceTree = "<group>"; };
		80EC0CA01A24FAB300937FE4 /* BackView.xib */ = {isa = PBXFileReference; fileEncoding = 4; lastKnownFileType = file.xib; name = BackView.xib; path = LegendaryDeck/BackView.xib; sourceTree = "<group>"; };
/* End PBXFileReference section */

/* Begin PBXFrameworksBuildPhase section */
		80EC0C671A24F72E00937FE4 /* Frameworks */ = {
			isa = PBXFrameworksBuildPhase;
			buildActionMask = 2147483647;
			files = (
			);
			runOnlyForDeploymentPostprocessing = 0;
		};
		80EC0C7C1A24F72E00937FE4 /* Frameworks */ = {
			isa = PBXFrameworksBuildPhase;
			buildActionMask = 2147483647;
			files = (
			);
			runOnlyForDeploymentPostprocessing = 0;
		};
/* End PBXFrameworksBuildPhase section */

/* Begin PBXGroup section */
		80EC0C611A24F72E00937FE4 = {
			isa = PBXGroup;
			children = (
				80EC0C6C1A24F72E00937FE4 /* SuitUp */,
				80EC0C821A24F72E00937FE4 /* SuitUpTests */,
				80EC0C6B1A24F72E00937FE4 /* Products */,
			);
			sourceTree = "<group>";
		};
		80EC0C6B1A24F72E00937FE4 /* Products */ = {
			isa = PBXGroup;
			children = (
				80EC0C6A1A24F72E00937FE4 /* SuitUp.app */,
				80EC0C7F1A24F72E00937FE4 /* SuitUpTests.xctest */,
			);
			name = Products;
			sourceTree = "<group>";
		};
		80EC0C6C1A24F72E00937FE4 /* SuitUp */ = {
			isa = PBXGroup;
			children = (
				80EC0C6F1A24F72E00937FE4 /* AppDelegate.swift */,
				80EC0C711A24F72E00937FE4 /* ViewController.swift */,
				80EC0C731A24F72E00937FE4 /* Main.storyboard */,
				80EC0C761A24F72E00937FE4 /* Images.xcassets */,
				80EC0C781A24F72E00937FE4 /* LaunchScreen.xib */,
				80EC0C931A24F89100937FE4 /* LegendaryDeck */,
				80EC0C921A24F88300937FE4 /* Fonts */,
				80EC0C6D1A24F72E00937FE4 /* Supporting Files */,
			);
			path = SuitUp;
			sourceTree = "<group>";
		};
		80EC0C6D1A24F72E00937FE4 /* Supporting Files */ = {
			isa = PBXGroup;
			children = (
				80EC0C6E1A24F72E00937FE4 /* Info.plist */,
			);
			name = "Supporting Files";
			sourceTree = "<group>";
		};
		80EC0C821A24F72E00937FE4 /* SuitUpTests */ = {
			isa = PBXGroup;
			children = (
				80EC0C851A24F72E00937FE4 /* SuitUpTests.swift */,
				80EC0C831A24F72E00937FE4 /* Supporting Files */,
			);
			path = SuitUpTests;
			sourceTree = "<group>";
		};
		80EC0C831A24F72E00937FE4 /* Supporting Files */ = {
			isa = PBXGroup;
			children = (
				80EC0C841A24F72E00937FE4 /* Info.plist */,
			);
			name = "Supporting Files";
			sourceTree = "<group>";
		};
		80EC0C921A24F88300937FE4 /* Fonts */ = {
			isa = PBXGroup;
			children = (
				80EC0C941A24F8B900937FE4 /* Bitter-Bold.ttf */,
				80EC0C951A24F8B900937FE4 /* Bitter-Italic.ttf */,
				80EC0C961A24F8B900937FE4 /* Bitter-Regular.ttf */,
				80EC0C971A24F8B900937FE4 /* OFL.txt */,
			);
			name = Fonts;
			sourceTree = "<group>";
		};
		80EC0C931A24F89100937FE4 /* LegendaryDeck */ = {
			isa = PBXGroup;
			children = (
				80EC0C9C1A24F9E300937FE4 /* SuitView.swift */,
				80EC0C9E1A24FA9800937FE4 /* CardView.swift */,
				80EC0CA01A24FAB300937FE4 /* BackView.xib */,
				809A30DE1A253E050097A932 /* FrontView.swift */,
				809A30E01A253E140097A932 /* FrontView.xib */,
			);
			name = LegendaryDeck;
			sourceTree = "<group>";
		};
/* End PBXGroup section */

/* Begin PBXNativeTarget section */
		80EC0C691A24F72E00937FE4 /* SuitUp */ = {
			isa = PBXNativeTarget;
			buildConfigurationList = 80EC0C891A24F72E00937FE4 /* Build configuration list for PBXNativeTarget "SuitUp" */;
			buildPhases = (
				80EC0C661A24F72E00937FE4 /* Sources */,
				80EC0C671A24F72E00937FE4 /* Frameworks */,
				80EC0C681A24F72E00937FE4 /* Resources */,
			);
			buildRules = (
			);
			dependencies = (
			);
			name = SuitUp;
			productName = SuitUp;
			productReference = 80EC0C6A1A24F72E00937FE4 /* SuitUp.app */;
			productType = "com.apple.product-type.application";
		};
		80EC0C7E1A24F72E00937FE4 /* SuitUpTests */ = {
			isa = PBXNativeTarget;
			buildConfigurationList = 80EC0C8C1A24F72E00937FE4 /* Build configuration list for PBXNativeTarget "SuitUpTests" */;
			buildPhases = (
				80EC0C7B1A24F72E00937FE4 /* Sources */,
				80EC0C7C1A24F72E00937FE4 /* Frameworks */,
				80EC0C7D1A24F72E00937FE4 /* Resources */,
			);
			buildRules = (
			);
			dependencies = (
				80EC0C811A24F72E00937FE4 /* PBXTargetDependency */,
			);
			name = SuitUpTests;
			productName = SuitUpTests;
			productReference = 80EC0C7F1A24F72E00937FE4 /* SuitUpTests.xctest */;
			productType = "com.apple.product-type.bundle.unit-test";
		};
/* End PBXNativeTarget section */

/* Begin PBXProject section */
		80EC0C621A24F72E00937FE4 /* Project object */ = {
			isa = PBXProject;
			attributes = {
				LastUpgradeCheck = 0620;
				ORGANIZATIONNAME = RayWenderlich;
				TargetAttributes = {
					80EC0C691A24F72E00937FE4 = {
						CreatedOnToolsVersion = 6.2;
					};
					80EC0C7E1A24F72E00937FE4 = {
						CreatedOnToolsVersion = 6.2;
						TestTargetID = 80EC0C691A24F72E00937FE4;
					};
				};
			};
			buildConfigurationList = 80EC0C651A24F72E00937FE4 /* Build configuration list for PBXProject "SuitUp" */;
			compatibilityVersion = "Xcode 3.2";
			developmentRegion = English;
			hasScannedForEncodings = 0;
			knownRegions = (
				en,
				Base,
			);
			mainGroup = 80EC0C611A24F72E00937FE4;
			productRefGroup = 80EC0C6B1A24F72E00937FE4 /* Products */;
			projectDirPath = "";
			projectRoot = "";
			targets = (
				80EC0C691A24F72E00937FE4 /* SuitUp */,
				80EC0C7E1A24F72E00937FE4 /* SuitUpTests */,
			);
		};
/* End PBXProject section */

/* Begin PBXResourcesBuildPhase section */
		80EC0C681A24F72E00937FE4 /* Resources */ = {
			isa = PBXResourcesBuildPhase;
			buildActionMask = 2147483647;
			files = (
				80EC0C9B1A24F8B900937FE4 /* OFL.txt in Resources */,
				80EC0CA11A24FAB300937FE4 /* BackView.xib in Resources */,
				809A30E11A253E140097A932 /* FrontView.xib in Resources */,
				80EC0C751A24F72E00937FE4 /* Main.storyboard in Resources */,
				80EC0C7A1A24F72E00937FE4 /* LaunchScreen.xib in Resources */,
				80EC0C771A24F72E00937FE4 /* Images.xcassets in Resources */,
				80EC0C9A1A24F8B900937FE4 /* Bitter-Regular.ttf in Resources */,
				80EC0C981A24F8B900937FE4 /* Bitter-Bold.ttf in Resources */,
				80EC0C991A24F8B900937FE4 /* Bitter-Italic.ttf in Resources */,
			);
			runOnlyForDeploymentPostprocessing = 0;
		};
		80EC0C7D1A24F72E00937FE4 /* Resources */ = {
			isa = PBXResourcesBuildPhase;
			buildActionMask = 2147483647;
			files = (
			);
			runOnlyForDeploymentPostprocessing = 0;
		};
/* End PBXResourcesBuildPhase section */

/* Begin PBXSourcesBuildPhase section */
		80EC0C661A24F72E00937FE4 /* Sources */ = {
			isa = PBXSourcesBuildPhase;
			buildActionMask = 2147483647;
			files = (
				80EC0C721A24F72E00937FE4 /* ViewController.swift in Sources */,
				80EC0C9D1A24F9E300937FE4 /* SuitView.swift in Sources */,
				80EC0C9F1A24FA9800937FE4 /* CardView.swift in Sources */,
				80EC0C701A24F72E00937FE4 /* AppDelegate.swift in Sources */,
				809A30DF1A253E050097A932 /* FrontView.swift in Sources */,
			);
			runOnlyForDeploymentPostprocessing = 0;
		};
		80EC0C7B1A24F72E00937FE4 /* Sources */ = {
			isa = PBXSourcesBuildPhase;
			buildActionMask = 2147483647;
			files = (
				80EC0C861A24F72E00937FE4 /* SuitUpTests.swift in Sources */,
			);
			runOnlyForDeploymentPostprocessing = 0;
		};
/* End PBXSourcesBuildPhase section */

/* Begin PBXTargetDependency section */
		80EC0C811A24F72E00937FE4 /* PBXTargetDependency */ = {
			isa = PBXTargetDependency;
			target = 80EC0C691A24F72E00937FE4 /* SuitUp */;
			targetProxy = 80EC0C801A24F72E00937FE4 /* PBXContainerItemProxy */;
		};
/* End PBXTargetDependency section */

/* Begin PBXVariantGroup section */
		80EC0C731A24F72E00937FE4 /* Main.storyboard */ = {
			isa = PBXVariantGroup;
			children = (
				80EC0C741A24F72E00937FE4 /* Base */,
			);
			name = Main.storyboard;
			sourceTree = "<group>";
		};
		80EC0C781A24F72E00937FE4 /* LaunchScreen.xib */ = {
			isa = PBXVariantGroup;
			children = (
				80EC0C791A24F72E00937FE4 /* Base */,
			);
			name = LaunchScreen.xib;
			sourceTree = "<group>";
		};
/* End PBXVariantGroup section */

/* Begin XCBuildConfiguration section */
		80EC0C871A24F72E00937FE4 /* Debug */ = {
			isa = XCBuildConfiguration;
			buildSettings = {
				ALWAYS_SEARCH_USER_PATHS = NO;
				CLANG_CXX_LANGUAGE_STANDARD = "gnu++0x";
				CLANG_CXX_LIBRARY = "libc++";
				CLANG_ENABLE_MODULES = YES;
				CLANG_ENABLE_OBJC_ARC = YES;
				CLANG_WARN_BOOL_CONVERSION = YES;
				CLANG_WARN_CONSTANT_CONVERSION = YES;
				CLANG_WARN_DIRECT_OBJC_ISA_USAGE = YES_ERROR;
				CLANG_WARN_EMPTY_BODY = YES;
				CLANG_WARN_ENUM_CONVERSION = YES;
				CLANG_WARN_INT_CONVERSION = YES;
				CLANG_WARN_OBJC_ROOT_CLASS = YES_ERROR;
				CLANG_WARN_UNREACHABLE_CODE = YES;
				CLANG_WARN__DUPLICATE_METHOD_MATCH = YES;
				"CODE_SIGN_IDENTITY[sdk=iphoneos*]" = "iPhone Developer";
				COPY_PHASE_STRIP = NO;
				ENABLE_STRICT_OBJC_MSGSEND = YES;
				GCC_C_LANGUAGE_STANDARD = gnu99;
				GCC_DYNAMIC_NO_PIC = NO;
				GCC_OPTIMIZATION_LEVEL = 0;
				GCC_PREPROCESSOR_DEFINITIONS = (
					"DEBUG=1",
					"$(inherited)",
				);
				GCC_SYMBOLS_PRIVATE_EXTERN = NO;
				GCC_WARN_64_TO_32_BIT_CONVERSION = YES;
				GCC_WARN_ABOUT_RETURN_TYPE = YES_ERROR;
				GCC_WARN_UNDECLARED_SELECTOR = YES;
				GCC_WARN_UNINITIALIZED_AUTOS = YES_AGGRESSIVE;
				GCC_WARN_UNUSED_FUNCTION = YES;
				GCC_WARN_UNUSED_VARIABLE = YES;
				IPHONEOS_DEPLOYMENT_TARGET = 8.2;
				MTL_ENABLE_DEBUG_INFO = YES;
				ONLY_ACTIVE_ARCH = YES;
				SDKROOT = iphoneos;
				SWIFT_OPTIMIZATION_LEVEL = "-Onone";
				TARGETED_DEVICE_FAMILY = "1,2";
			};
			name = Debug;
		};
		80EC0C881A24F72E00937FE4 /* Release */ = {
			isa = XCBuildConfiguration;
			buildSettings = {
				ALWAYS_SEARCH_USER_PATHS = NO;
				CLANG_CXX_LANGUAGE_STANDARD = "gnu++0x";
				CLANG_CXX_LIBRARY = "libc++";
				CLANG_ENABLE_MODULES = YES;
				CLANG_ENABLE_OBJC_ARC = YES;
				CLANG_WARN_BOOL_CONVERSION = YES;
				CLANG_WARN_CONSTANT_CONVERSION = YES;
				CLANG_WARN_DIRECT_OBJC_ISA_USAGE = YES_ERROR;
				CLANG_WARN_EMPTY_BODY = YES;
				CLANG_WARN_ENUM_CONVERSION = YES;
				CLANG_WARN_INT_CONVERSION = YES;
				CLANG_WARN_OBJC_ROOT_CLASS = YES_ERROR;
				CLANG_WARN_UNREACHABLE_CODE = YES;
				CLANG_WARN__DUPLICATE_METHOD_MATCH = YES;
				"CODE_SIGN_IDENTITY[sdk=iphoneos*]" = "iPhone Developer";
				COPY_PHASE_STRIP = YES;
				ENABLE_NS_ASSERTIONS = NO;
				ENABLE_STRICT_OBJC_MSGSEND = YES;
				GCC_C_LANGUAGE_STANDARD = gnu99;
				GCC_WARN_64_TO_32_BIT_CONVERSION = YES;
				GCC_WARN_ABOUT_RETURN_TYPE = YES_ERROR;
				GCC_WARN_UNDECLARED_SELECTOR = YES;
				GCC_WARN_UNINITIALIZED_AUTOS = YES_AGGRESSIVE;
				GCC_WARN_UNUSED_FUNCTION = YES;
				GCC_WARN_UNUSED_VARIABLE = YES;
				IPHONEOS_DEPLOYMENT_TARGET = 8.2;
				MTL_ENABLE_DEBUG_INFO = NO;
				SDKROOT = iphoneos;
				TARGETED_DEVICE_FAMILY = "1,2";
				VALIDATE_PRODUCT = YES;
			};
			name = Release;
		};
		80EC0C8A1A24F72E00937FE4 /* Debug */ = {
			isa = XCBuildConfiguration;
			buildSettings = {
				ASSETCATALOG_COMPILER_APPICON_NAME = AppIcon;
				INFOPLIST_FILE = SuitUp/Info.plist;
				IPHONEOS_DEPLOYMENT_TARGET = 8.0;
				LD_RUNPATH_SEARCH_PATHS = "$(inherited) @executable_path/Frameworks";
				PRODUCT_NAME = "$(TARGET_NAME)";
			};
			name = Debug;
		};
		80EC0C8B1A24F72E00937FE4 /* Release */ = {
			isa = XCBuildConfiguration;
			buildSettings = {
				ASSETCATALOG_COMPILER_APPICON_NAME = AppIcon;
				INFOPLIST_FILE = SuitUp/Info.plist;
				IPHONEOS_DEPLOYMENT_TARGET = 8.0;
				LD_RUNPATH_SEARCH_PATHS = "$(inherited) @executable_path/Frameworks";
				PRODUCT_NAME = "$(TARGET_NAME)";
			};
			name = Release;
		};
		80EC0C8D1A24F72E00937FE4 /* Debug */ = {
			isa = XCBuildConfiguration;
			buildSettings = {
				BUNDLE_LOADER = "$(TEST_HOST)";
				FRAMEWORK_SEARCH_PATHS = (
					"$(SDKROOT)/Developer/Library/Frameworks",
					"$(inherited)",
				);
				GCC_PREPROCESSOR_DEFINITIONS = (
					"DEBUG=1",
					"$(inherited)",
				);
				INFOPLIST_FILE = SuitUpTests/Info.plist;
				LD_RUNPATH_SEARCH_PATHS = "$(inherited) @executable_path/Frameworks @loader_path/Frameworks";
				PRODUCT_NAME = "$(TARGET_NAME)";
				TEST_HOST = "$(BUILT_PRODUCTS_DIR)/SuitUp.app/SuitUp";
			};
			name = Debug;
		};
		80EC0C8E1A24F72E00937FE4 /* Release */ = {
			isa = XCBuildConfiguration;
			buildSettings = {
				BUNDLE_LOADER = "$(TEST_HOST)";
				FRAMEWORK_SEARCH_PATHS = (
					"$(SDKROOT)/Developer/Library/Frameworks",
					"$(inherited)",
				);
				INFOPLIST_FILE = SuitUpTests/Info.plist;
				LD_RUNPATH_SEARCH_PATHS = "$(inherited) @executable_path/Frameworks @loader_path/Frameworks";
				PRODUCT_NAME = "$(TARGET_NAME)";
				TEST_HOST = "$(BUILT_PRODUCTS_DIR)/SuitUp.app/SuitUp";
			};
			name = Release;
		};
/* End XCBuildConfiguration section */

/* Begin XCConfigurationList section */
		80EC0C651A24F72E00937FE4 /* Build configuration list for PBXProject "SuitUp" */ = {
			isa = XCConfigurationList;
			buildConfigurations = (
				80EC0C871A24F72E00937FE4 /* Debug */,
				80EC0C881A24F72E00937FE4 /* Release */,
			);
			defaultConfigurationIsVisible = 0;
			defaultConfigurationName = Release;
		};
		80EC0C891A24F72E00937FE4 /* Build configuration list for PBXNativeTarget "SuitUp" */ = {
			isa = XCConfigurationList;
			buildConfigurations = (
				80EC0C8A1A24F72E00937FE4 /* Debug */,
				80EC0C8B1A24F72E00937FE4 /* Release */,
			);
			defaultConfigurationIsVisible = 0;
			defaultConfigurationName = Release;
		};
		80EC0C8C1A24F72E00937FE4 /* Build configuration list for PBXNativeTarget "SuitUpTests" */ = {
			isa = XCConfigurationList;
			buildConfigurations = (
				80EC0C8D1A24F72E00937FE4 /* Debug */,
				80EC0C8E1A24F72E00937FE4 /* Release */,
			);
			defaultConfigurationIsVisible = 0;
			defaultConfigurationName = Release;
		};
/* End XCConfigurationList section */
	};
	rootObject = 80EC0C621A24F72E00937FE4 /* Project object */;
}
